
Microsoft Visual Studio Solution File, Format Version 12.00
# Visual Studio Version 17
VisualStudioVersion = 17.7.34024.191
MinimumVisualStudioVersion = 10.0.40219.1
Project("{FAE04EC0-301F-11D3-BF4B-00C04F79EFBC}") = "H-W_09_12_23", "H-W_09_12_23\H-W_09_12_23.csproj", "{D3286B52-A109-4804-AB81-03BD60330E52}"
EndProject
Global
	GlobalSection(SolutionConfigurationPlatforms) = preSolution
		Debug|Any CPU = Debug|Any CPU
		Release|Any CPU = Release|Any CPU
	EndGlobalSection
	GlobalSection(ProjectConfigurationPlatforms) = postSolution
		{D3286B52-A109-4804-AB81-03BD60330E52}.Debug|Any CPU.ActiveCfg = Debug|Any CPU
		{D3286B52-A109-4804-AB81-03BD60330E52}.Debug|Any CPU.Build.0 = Debug|Any CPU
		{D3286B52-A109-4804-AB81-03BD60330E52}.Release|Any CPU.ActiveCfg = Release|Any CPU
		{D3286B52-A109-4804-AB81-03BD60330E52}.Release|Any CPU.Build.0 = Release|Any CPU
	EndGlobalSection
	GlobalSection(SolutionProperties) = preSolution
		HideSolutionNode = FALSE
	EndGlobalSection
	GlobalSection(ExtensibilityGlobals) = postSolution
		SolutionGuid = {4AA4D11D-87A7-427F-B14C-0EB5394033D6}
	EndGlobalSection
EndGlobal
